
Microsoft Visual Studio Solution File, Format Version 12.00
# Visual Studio 15
VisualStudioVersion = 15.0.28307.572
MinimumVisualStudioVersion = 10.0.40219.1
Project("{8BC9CEB8-8B4A-11D0-8D11-00A0C91BC942}") = "WordCount", "WordCount\WordCount.vcxproj", "{A925326E-F733-42D7-ABDD-8B1B5003ED48}"
EndProject
Global
	GlobalSection(SolutionConfigurationPlatforms) = preSolution
		Debug|x64 = Debug|x64
		Debug|x86 = Debug|x86
		Release|x64 = Release|x64
		Release|x86 = Release|x86
	EndGlobalSection
	GlobalSection(ProjectConfigurationPlatforms) = postSolution
		{A925326E-F733-42D7-ABDD-8B1B5003ED48}.Debug|x64.ActiveCfg = Debug|x64
		{A925326E-F733-42D7-ABDD-8B1B5003ED48}.Debug|x64.Build.0 = Debug|x64
		{A925326E-F733-42D7-ABDD-8B1B5003ED48}.Debug|x86.ActiveCfg = Debug|Win32
		{A925326E-F733-42D7-ABDD-8B1B5003ED48}.Debug|x86.Build.0 = Debug|Win32
		{A925326E-F733-42D7-ABDD-8B1B5003ED48}.Release|x64.ActiveCfg = Release|x64
		{A925326E-F733-42D7-ABDD-8B1B5003ED48}.Release|x64.Build.0 = Release|x64
		{A925326E-F733-42D7-ABDD-8B1B5003ED48}.Release|x86.ActiveCfg = Release|Win32
		{A925326E-F733-42D7-ABDD-8B1B5003ED48}.Release|x86.Build.0 = Release|Win32
	EndGlobalSection
	GlobalSection(SolutionProperties) = preSolution
		HideSolutionNode = FALSE
	EndGlobalSection
	GlobalSection(ExtensibilityGlobals) = postSolution
		SolutionGuid = {2D4D7BC4-390A-4FD7-8218-ABF29EF99F59}
	EndGlobalSection
EndGlobal
